
Microsoft Visual Studio Solution File, Format Version 12.00
# Visual Studio Version 17
VisualStudioVersion = 17.13.35818.85
MinimumVisualStudioVersion = 10.0.40219.1
Project("{FAE04EC0-301F-11D3-BF4B-00C04F79EFBC}") = "Simple Inventory Management System", "Simple Inventory Management System.csproj", "{1DB5DF48-8A4B-4DF8-8F1D-1964B3DBE3F2}"
EndProject
Project("{FAE04EC0-301F-11D3-BF4B-00C04F79EFBC}") = "Simple Inventory Management System test", "..\Simple Inventory Management System test\Simple Inventory Management System test.csproj", "{D433934B-8419-4F8B-97D1-97CA4D4FA22C}"
EndProject
Global
	GlobalSection(SolutionConfigurationPlatforms) = preSolution
		Debug|Any CPU = Debug|Any CPU
		Release|Any CPU = Release|Any CPU
	EndGlobalSection
	GlobalSection(ProjectConfigurationPlatforms) = postSolution
		{1DB5DF48-8A4B-4DF8-8F1D-1964B3DBE3F2}.Debug|Any CPU.ActiveCfg = Debug|Any CPU
		{1DB5DF48-8A4B-4DF8-8F1D-1964B3DBE3F2}.Debug|Any CPU.Build.0 = Debug|Any CPU
		{1DB5DF48-8A4B-4DF8-8F1D-1964B3DBE3F2}.Release|Any CPU.ActiveCfg = Release|Any CPU
		{1DB5DF48-8A4B-4DF8-8F1D-1964B3DBE3F2}.Release|Any CPU.Build.0 = Release|Any CPU
		{D433934B-8419-4F8B-97D1-97CA4D4FA22C}.Debug|Any CPU.ActiveCfg = Debug|Any CPU
		{D433934B-8419-4F8B-97D1-97CA4D4FA22C}.Debug|Any CPU.Build.0 = Debug|Any CPU
		{D433934B-8419-4F8B-97D1-97CA4D4FA22C}.Release|Any CPU.ActiveCfg = Release|Any CPU
		{D433934B-8419-4F8B-97D1-97CA4D4FA22C}.Release|Any CPU.Build.0 = Release|Any CPU
	EndGlobalSection
	GlobalSection(SolutionProperties) = preSolution
		HideSolutionNode = FALSE
	EndGlobalSection
	GlobalSection(ExtensibilityGlobals) = postSolution
		SolutionGuid = {38DC00ED-8B09-440D-B07F-02BF989EA099}
	EndGlobalSection
EndGlobal
